
Microsoft Visual Studio Solution File, Format Version 12.00
# Visual Studio Version 17
VisualStudioVersion = 17.8.34525.116
MinimumVisualStudioVersion = 10.0.40219.1
Project("{FAE04EC0-301F-11D3-BF4B-00C04F79EFBC}") = "PolimorfismoQ2024", "PolimorfismoQ2024\PolimorfismoQ2024.csproj", "{B9C49A72-6C59-4210-8966-61F881B27CB4}"
EndProject
Global
	GlobalSection(SolutionConfigurationPlatforms) = preSolution
		Debug|Any CPU = Debug|Any CPU
		Release|Any CPU = Release|Any CPU
	EndGlobalSection
	GlobalSection(ProjectConfigurationPlatforms) = postSolution
		{B9C49A72-6C59-4210-8966-61F881B27CB4}.Debug|Any CPU.ActiveCfg = Debug|Any CPU
		{B9C49A72-6C59-4210-8966-61F881B27CB4}.Debug|Any CPU.Build.0 = Debug|Any CPU
		{B9C49A72-6C59-4210-8966-61F881B27CB4}.Release|Any CPU.ActiveCfg = Release|Any CPU
		{B9C49A72-6C59-4210-8966-61F881B27CB4}.Release|Any CPU.Build.0 = Release|Any CPU
	EndGlobalSection
	GlobalSection(SolutionProperties) = preSolution
		HideSolutionNode = FALSE
	EndGlobalSection
	GlobalSection(ExtensibilityGlobals) = postSolution
		SolutionGuid = {95452028-3C45-4976-BC8F-0FDDC7D0488A}
	EndGlobalSection
EndGlobal
